
Microsoft Visual Studio Solution File, Format Version 12.00
# Visual Studio Version 17
VisualStudioVersion = 17.9.34723.18
MinimumVisualStudioVersion = 10.0.40219.1
Project("{9A19103F-16F7-4668-BE54-9A1E7A4F7556}") = "CoreMVC", "CoreMVC\CoreMVC.csproj", "{6EBC9B18-A0C1-44B9-A70B-D136AA4C8B00}"
EndProject
Project("{FAE04EC0-301F-11D3-BF4B-00C04F79EFBC}") = "CoreAPI", "CoreAPI\CoreAPI.csproj", "{9F81C412-CEA6-48E5-935C-4EE4EC7710E8}"
EndProject
Global
	GlobalSection(SolutionConfigurationPlatforms) = preSolution
		Debug|Any CPU = Debug|Any CPU
		Release|Any CPU = Release|Any CPU
	EndGlobalSection
	GlobalSection(ProjectConfigurationPlatforms) = postSolution
		{6EBC9B18-A0C1-44B9-A70B-D136AA4C8B00}.Debug|Any CPU.ActiveCfg = Debug|Any CPU
		{6EBC9B18-A0C1-44B9-A70B-D136AA4C8B00}.Debug|Any CPU.Build.0 = Debug|Any CPU
		{6EBC9B18-A0C1-44B9-A70B-D136AA4C8B00}.Release|Any CPU.ActiveCfg = Release|Any CPU
		{6EBC9B18-A0C1-44B9-A70B-D136AA4C8B00}.Release|Any CPU.Build.0 = Release|Any CPU
		{9F81C412-CEA6-48E5-935C-4EE4EC7710E8}.Debug|Any CPU.ActiveCfg = Debug|Any CPU
		{9F81C412-CEA6-48E5-935C-4EE4EC7710E8}.Debug|Any CPU.Build.0 = Debug|Any CPU
		{9F81C412-CEA6-48E5-935C-4EE4EC7710E8}.Release|Any CPU.ActiveCfg = Release|Any CPU
		{9F81C412-CEA6-48E5-935C-4EE4EC7710E8}.Release|Any CPU.Build.0 = Release|Any CPU
	EndGlobalSection
	GlobalSection(SolutionProperties) = preSolution
		HideSolutionNode = FALSE
	EndGlobalSection
	GlobalSection(ExtensibilityGlobals) = postSolution
		SolutionGuid = {D4BF5EA5-800C-4F52-8EA1-32D6520EC997}
	EndGlobalSection
EndGlobal
